{
    "version": 3,
    "terraform_version": "0.11.8",
    "serial": 2,
    "lineage": "6348fecf-1a61-850c-38ae-6239bb6fb60b",
    "modules": [
        {
            "path": [
                "root"
            ],
            "outputs": {},
            "resources": {
                "aws_elb.web": {
                    "type": "aws_elb",
                    "depends_on": [
                        "aws_s3_bucket.bucket",
                        "aws_security_group.elbsg",
                        "aws_subnet.subnet-aaaaaaaa",
                        "aws_subnet.subnet-bbbbbbbb"
                    ],
                    "primary": {
                        "id": "TidalTestELB",
                        "attributes": {
                            "access_logs.#": "1",
                            "access_logs.0.bucket": "tidal-elb-logs",
                            "access_logs.0.bucket_prefix": "TidalTestELB",
                            "access_logs.0.enabled": "true",
                            "access_logs.0.interval": "5",
                            "arn": "arn:aws:elasticloadbalancing:us-west-2:*******:loadbalancer/TidalTestELB",
                            "availability_zones.#": "2",
                            "availability_zones.221770259": "us-west-2b",
                            "availability_zones.2487133097": "us-west-2a",
                            "connection_draining": "false",
                            "connection_draining_timeout": "300",
                            "cross_zone_load_balancing": "true",
                            "dns_name": "TidalTestELB-1000380192.us-west-2.elb.amazonaws.com",
                            "health_check.#": "1",
                            "health_check.0.healthy_threshold": "3",
                            "health_check.0.interval": "10",
                            "health_check.0.target": "HTTP:8000/health",
                            "health_check.0.timeout": "2",
                            "health_check.0.unhealthy_threshold": "3",
                            "id": "TidalTestELB",
                            "idle_timeout": "60",
                            "instances.#": "0",
                            "internal": "false",
                            "listener.#": "1",
                            "listener.1506804148.instance_port": "8080",
                            "listener.1506804148.instance_protocol": "http",
                            "listener.1506804148.lb_port": "443",
                            "listener.1506804148.lb_protocol": "https",
                            "listener.1506804148.ssl_certificate_id": "arn:aws:acm:us-west-2:****:certificate/****-1abf-****-ad19-*****",
                            "name": "TidalTestELB",
                            "security_groups.#": "1",
                            "security_groups.785290959": "sg-0a68e58d332b245a9",
                            "source_security_group": "*********/Tidal-Test_ELB_SG",
                            "source_security_group_id": "sg-0a68e58d332b245a9",
                            "subnets.#": "2",
                            "subnets.1281630883": "subnet-019f3f592f1c039f3",
                            "subnets.1649679847": "subnet-07b407c3e819a2d61",
                            "tags.%": "2",
                            "tags.Name": "TidalTestELB",
                            "tags.Service": "test_service",
                            "zone_id": "Z1H1FL5HABSF5"
                        },
                        "meta": {},
                        "tainted": false
                    },
                    "deposed": [],
                    "provider": "provider.aws"
                },
                "aws_internet_gateway.gw": {
                    "type": "aws_internet_gateway",
                    "depends_on": [
                        "aws_vpc.vpc-11111111"
                    ],
                    "primary": {
                        "id": "igw-0832f6f53070d351f",
                        "attributes": {
                            "id": "igw-0832f6f53070d351f",
                            "tags.%": "2",
                            "tags.Name": "Tidal-Test_ig",
                            "tags.Service": "test_service",
                            "vpc_id": "vpc-0bc44c851cdeaa6e5"
                        },
                        "meta": {},
                        "tainted": false
                    },
                    "deposed": [],
                    "provider": "provider.aws"
                },
                "aws_route_table.r": {
                    "type": "aws_route_table",
                    "depends_on": [
                        "aws_internet_gateway.gw",
                        "aws_vpc.vpc-11111111"
                    ],
                    "primary": {
                        "id": "rtb-04a147f950756256c",
                        "attributes": {
                            "id": "rtb-04a147f950756256c",
                            "propagating_vgws.#": "0",
                            "route.#": "1",
                            "route.2743281981.cidr_block": "0.0.0.0/0",
                            "route.2743281981.egress_only_gateway_id": "",
                            "route.2743281981.gateway_id": "igw-0832f6f53070d351f",
                            "route.2743281981.instance_id": "",
                            "route.2743281981.ipv6_cidr_block": "",
                            "route.2743281981.nat_gateway_id": "",
                            "route.2743281981.network_interface_id": "",
                            "route.2743281981.vpc_peering_connection_id": "",
                            "tags.%": "2",
                            "tags.Name": "Tidal-Test_Route_Table",
                            "tags.Service": "test_service",
                            "vpc_id": "vpc-0bc44c851cdeaa6e5"
                        },
                        "meta": {},
                        "tainted": false
                    },
                    "deposed": [],
                    "provider": "provider.aws"
                },
                "aws_route_table_association.a": {
                    "type": "aws_route_table_association",
                    "depends_on": [
                        "aws_route_table.r",
                        "aws_subnet.subnet-aaaaaaaa"
                    ],
                    "primary": {
                        "id": "rtbassoc-043c8c53458b69c82",
                        "attributes": {
                            "id": "rtbassoc-043c8c53458b69c82",
                            "route_table_id": "rtb-04a147f950756256c",
                            "subnet_id": "subnet-07b407c3e819a2d61"
                        },
                        "meta": {},
                        "tainted": false
                    },
                    "deposed": [],
                    "provider": "provider.aws"
                },
                "aws_route_table_association.b": {
                    "type": "aws_route_table_association",
                    "depends_on": [
                        "aws_route_table.r",
                        "aws_subnet.subnet-bbbbbbbb"
                    ],
                    "primary": {
                        "id": "rtbassoc-0274bb4131d450d02",
                        "attributes": {
                            "id": "rtbassoc-0274bb4131d450d02",
                            "route_table_id": "rtb-04a147f950756256c",
                            "subnet_id": "subnet-019f3f592f1c039f3"
                        },
                        "meta": {},
                        "tainted": false
                    },
                    "deposed": [],
                    "provider": "provider.aws"
                },
                "aws_s3_bucket.bucket": {
                    "type": "aws_s3_bucket",
                    "depends_on": [
                        "data.aws_elb_service_account.main"
                    ],
                    "primary": {
                        "id": "tidal-elb-logs",
                        "attributes": {
                            "acceleration_status": "",
                            "acl": "private",
                            "arn": "arn:aws:s3:::tidal-elb-logs",
                            "bucket": "tidal-elb-logs",
                            "bucket_domain_name": "tidal-elb-logs.s3.amazonaws.com",
                            "bucket_regional_domain_name": "tidal-elb-logs.s3.us-west-2.amazonaws.com",
                            "cors_rule.#": "0",
                            "force_destroy": "false",
                            "hosted_zone_id": "Z3BJ6K6RIION7M",
                            "id": "tidal-elb-logs",
                            "logging.#": "0",
                            "policy": "{\"Id\":\"Policy\",\"Statement\":[{\"Action\":\"s3:PutObject\",\"Effect\":\"Allow\",\"Principal\":{\"AWS\":\"arn:aws:iam::797873946194:root\"},\"Resource\":\"arn:aws:s3:::tidal-elb-logs/*\"}],\"Version\":\"2012-10-17\"}",
                            "region": "us-west-2",
                            "replication_configuration.#": "0",
                            "request_payer": "BucketOwner",
                            "server_side_encryption_configuration.#": "0",
                            "tags.%": "6",
                            "tags.Application": "default",
                            "tags.AssetProtectionLevel": "99",
                            "tags.Brand": "Customer Operations",
                            "tags.CostCenter": "95199",
                            "tags.CreatedBy": "akskumar@expdia.com",
                            "tags.Team": "Customer Operations: Agent Tools",
                            "versioning.#": "1",
                            "versioning.0.enabled": "false",
                            "versioning.0.mfa_delete": "false",
                            "website.#": "0"
                        },
                        "meta": {},
                        "tainted": false
                    },
                    "deposed": [],
                    "provider": "provider.aws"
                },
                "aws_security_group.appsg": {
                    "type": "aws_security_group",
                    "depends_on": [
                        "aws_security_group.elbsg",
                        "aws_vpc.vpc-11111111"
                    ],
                    "primary": {
                        "id": "sg-054a13bb378ed5a5b",
                        "attributes": {
                            "arn": "arn:aws:ec2:us-west-2:*********:security-group/sg-054a13bb378ed5a5b",
                            "description": "Application Security Group",
                            "egress.#": "1",
                            "egress.482069346.cidr_blocks.#": "1",
                            "egress.482069346.cidr_blocks.0": "0.0.0.0/0",
                            "egress.482069346.description": "",
                            "egress.482069346.from_port": "0",
                            "egress.482069346.ipv6_cidr_blocks.#": "0",
                            "egress.482069346.prefix_list_ids.#": "0",
                            "egress.482069346.protocol": "-1",
                            "egress.482069346.security_groups.#": "0",
                            "egress.482069346.self": "false",
                            "egress.482069346.to_port": "0",
                            "id": "sg-054a13bb378ed5a5b",
                            "ingress.#": "1",
                            "ingress.2576220929.cidr_blocks.#": "0",
                            "ingress.2576220929.description": "",
                            "ingress.2576220929.from_port": "8080",
                            "ingress.2576220929.ipv6_cidr_blocks.#": "0",
                            "ingress.2576220929.protocol": "tcp",
                            "ingress.2576220929.security_groups.#": "1",
                            "ingress.2576220929.security_groups.785290959": "sg-0a68e58d332b245a9",
                            "ingress.2576220929.self": "false",
                            "ingress.2576220929.to_port": "8080",
                            "name": "Tidal-Test_APP_SG",
                            "owner_id": "******",
                            "revoke_rules_on_delete": "false",
                            "tags.%": "2",
                            "tags.Name": "Tidal-Test_App_Security_Group",
                            "tags.Service": "test_service",
                            "vpc_id": "vpc-0bc44c851cdeaa6e5"
                        },
                        "meta": {
                            "e2bfb730-ecaa-11e6-8f88-34363bc7c4c0": {
                                "create": 600000000000,
                                "delete": 600000000000
                            },
                            "schema_version": "1"
                        },
                        "tainted": false
                    },
                    "deposed": [],
                    "provider": "provider.aws"
                },
                "aws_security_group.elbsg": {
                    "type": "aws_security_group",
                    "depends_on": [
                        "aws_vpc.vpc-11111111"
                    ],
                    "primary": {
                        "id": "sg-0a68e58d332b245a9",
                        "attributes": {
                            "arn": "arn:aws:ec2:us-west-2:********:security-group/sg-0a68e58d332b245a9",
                            "description": "Load Balancer Security Group Allow incoming and ougoing HTTP connections",
                            "egress.#": "1",
                            "egress.482069346.cidr_blocks.#": "1",
                            "egress.482069346.cidr_blocks.0": "0.0.0.0/0",
                            "egress.482069346.description": "",
                            "egress.482069346.from_port": "0",
                            "egress.482069346.ipv6_cidr_blocks.#": "0",
                            "egress.482069346.prefix_list_ids.#": "0",
                            "egress.482069346.protocol": "-1",
                            "egress.482069346.security_groups.#": "0",
                            "egress.482069346.self": "false",
                            "egress.482069346.to_port": "0",
                            "id": "sg-0a68e58d332b245a9",
                            "ingress.#": "1",
                            "ingress.2617001939.cidr_blocks.#": "1",
                            "ingress.2617001939.cidr_blocks.0": "0.0.0.0/0",
                            "ingress.2617001939.description": "",
                            "ingress.2617001939.from_port": "443",
                            "ingress.2617001939.ipv6_cidr_blocks.#": "0",
                            "ingress.2617001939.protocol": "tcp",
                            "ingress.2617001939.security_groups.#": "0",
                            "ingress.2617001939.self": "false",
                            "ingress.2617001939.to_port": "443",
                            "name": "Tidal-Test_ELB_SG",
                            "owner_id": "********",
                            "revoke_rules_on_delete": "false",
                            "tags.%": "2",
                            "tags.Name": "Tidal-Test_ELB_Security_Group",
                            "tags.Service": "test_service",
                            "vpc_id": "vpc-0bc44c851cdeaa6e5"
                        },
                        "meta": {
                            "e2bfb730-ecaa-11e6-8f88-34363bc7c4c0": {
                                "create": 600000000000,
                                "delete": 600000000000
                            },
                            "schema_version": "1"
                        },
                        "tainted": false
                    },
                    "deposed": [],
                    "provider": "provider.aws"
                },
                "aws_subnet.subnet-aaaaaaaa": {
                    "type": "aws_subnet",
                    "depends_on": [
                        "aws_vpc.vpc-11111111"
                    ],
                    "primary": {
                        "id": "subnet-07b407c3e819a2d61",
                        "attributes": {
                            "arn": "arn:aws:ec2:us-west-2:********:subnet/subnet-07b407c3e819a2d61",
                            "assign_ipv6_address_on_creation": "false",
                            "availability_zone": "us-west-2a",
                            "cidr_block": "10.0.0.0/24",
                            "id": "subnet-07b407c3e819a2d61",
                            "map_public_ip_on_launch": "true",
                            "tags.%": "2",
                            "tags.Name": "Tidal-Test_Subnet-A",
                            "tags.Service": "test_service",
                            "vpc_id": "vpc-0bc44c851cdeaa6e5"
                        },
                        "meta": {
                            "schema_version": "1"
                        },
                        "tainted": false
                    },
                    "deposed": [],
                    "provider": "provider.aws"
                },
                "aws_subnet.subnet-bbbbbbbb": {
                    "type": "aws_subnet",
                    "depends_on": [
                        "aws_vpc.vpc-11111111"
                    ],
                    "primary": {
                        "id": "subnet-019f3f592f1c039f3",
                        "attributes": {
                            "arn": "arn:aws:ec2:us-west-2:********:subnet/subnet-019f3f592f1c039f3",
                            "assign_ipv6_address_on_creation": "false",
                            "availability_zone": "us-west-2b",
                            "cidr_block": "10.0.16.0/24",
                            "id": "subnet-019f3f592f1c039f3",
                            "map_public_ip_on_launch": "true",
                            "tags.%": "2",
                            "tags.Name": "Tidal-Test_Subnet-B",
                            "tags.Service": "test_service",
                            "vpc_id": "vpc-0bc44c851cdeaa6e5"
                        },
                        "meta": {
                            "schema_version": "1"
                        },
                        "tainted": false
                    },
                    "deposed": [],
                    "provider": "provider.aws"
                },
                "aws_vpc.vpc-11111111": {
                    "type": "aws_vpc",
                    "depends_on": [],
                    "primary": {
                        "id": "vpc-0bc44c851cdeaa6e5",
                        "attributes": {
                            "arn": "arn:aws:ec2:us-west-2:******:vpc/vpc-0bc44c851cdeaa6e5",
                            "assign_generated_ipv6_cidr_block": "false",
                            "cidr_block": "10.0.0.0/16",
                            "default_network_acl_id": "acl-084ac064a2ebf75c2",
                            "default_route_table_id": "rtb-0a2396c0ec1f6a551",
                            "default_security_group_id": "sg-0872eb73869667a64",
                            "dhcp_options_id": "dopt-54d12732",
                            "enable_classiclink": "false",
                            "enable_classiclink_dns_support": "false",
                            "enable_dns_hostnames": "true",
                            "enable_dns_support": "true",
                            "id": "vpc-0bc44c851cdeaa6e5",
                            "instance_tenancy": "default",
                            "main_route_table_id": "rtb-0a2396c0ec1f6a551",
                            "tags.%": "2",
                            "tags.Name": "Tidal-Test-VPC",
                            "tags.Service": "test_service"
                        },
                        "meta": {
                            "schema_version": "1"
                        },
                        "tainted": false
                    },
                    "deposed": [],
                    "provider": "provider.aws"
                },
                "data.aws_elb_service_account.main": {
                    "type": "aws_elb_service_account",
                    "depends_on": [],
                    "primary": {
                        "id": "797873946194",
                        "attributes": {
                            "arn": "arn:aws:iam::797873946194:root",
                            "id": "797873946194"
                        },
                        "meta": {},
                        "tainted": false
                    },
                    "deposed": [],
                    "provider": "provider.aws"
                }
            },
            "depends_on": []
        }
    ]
}
